
Microsoft Visual Studio Solution File, Format Version 12.00
# Visual Studio 15
VisualStudioVersion = 15.0.28307.757
MinimumVisualStudioVersion = 10.0.40219.1
Project("{8BC9CEB8-8B4A-11D0-8D11-00A0C91BC942}") = "StatsManager", "StatsManager\StatsManager.vcxproj", "{F7E78426-AE61-446D-93C5-82B9ECD1127B}"
EndProject
Global
	GlobalSection(SolutionConfigurationPlatforms) = preSolution
		Debug|x64 = Debug|x64
		Release|x64 = Release|x64
	EndGlobalSection
	GlobalSection(ProjectConfigurationPlatforms) = postSolution
		{F7E78426-AE61-446D-93C5-82B9ECD1127B}.Debug|x64.ActiveCfg = Debug|x64
		{F7E78426-AE61-446D-93C5-82B9ECD1127B}.Debug|x64.Build.0 = Debug|x64
		{F7E78426-AE61-446D-93C5-82B9ECD1127B}.Release|x64.ActiveCfg = Release|x64
		{F7E78426-AE61-446D-93C5-82B9ECD1127B}.Release|x64.Build.0 = Release|x64
	EndGlobalSection
	GlobalSection(SolutionProperties) = preSolution
		HideSolutionNode = FALSE
	EndGlobalSection
	GlobalSection(ExtensibilityGlobals) = postSolution
		SolutionGuid = {DD8C062F-A004-4FB4-BA23-57AA52FD13E3}
	EndGlobalSection
EndGlobal
